
Microsoft Visual Studio Solution File, Format Version 12.00
# Visual Studio Version 16
VisualStudioVersion = 16.0.31424.327
MinimumVisualStudioVersion = 10.0.40219.1
Project("{8BC9CEB8-8B4A-11D0-8D11-00A0C91BC942}") = "Airplanes", "Airplanes\Airplanes.vcxproj", "{F96C2497-3460-40A1-86A2-7D26C6951832}"
EndProject
Global
	GlobalSection(SolutionConfigurationPlatforms) = preSolution
		Debug|x64 = Debug|x64
		Debug|x86 = Debug|x86
		Release|x64 = Release|x64
		Release|x86 = Release|x86
	EndGlobalSection
	GlobalSection(ProjectConfigurationPlatforms) = postSolution
		{F96C2497-3460-40A1-86A2-7D26C6951832}.Debug|x64.ActiveCfg = Debug|x64
		{F96C2497-3460-40A1-86A2-7D26C6951832}.Debug|x64.Build.0 = Debug|x64
		{F96C2497-3460-40A1-86A2-7D26C6951832}.Debug|x86.ActiveCfg = Debug|Win32
		{F96C2497-3460-40A1-86A2-7D26C6951832}.Debug|x86.Build.0 = Debug|Win32
		{F96C2497-3460-40A1-86A2-7D26C6951832}.Release|x64.ActiveCfg = Release|x64
		{F96C2497-3460-40A1-86A2-7D26C6951832}.Release|x64.Build.0 = Release|x64
		{F96C2497-3460-40A1-86A2-7D26C6951832}.Release|x86.ActiveCfg = Release|Win32
		{F96C2497-3460-40A1-86A2-7D26C6951832}.Release|x86.Build.0 = Release|Win32
	EndGlobalSection
	GlobalSection(SolutionProperties) = preSolution
		HideSolutionNode = FALSE
	EndGlobalSection
	GlobalSection(ExtensibilityGlobals) = postSolution
		SolutionGuid = {0CAF4031-B36B-44E3-83BF-87E512012141}
	EndGlobalSection
EndGlobal
